Microsoft Visual Studio Solution File, Format Version 12.00
# Visual Studio Version 17
VisualStudioVersion = 17.5.2.0
MinimumVisualStudioVersion = 10.0.40219.1
Project("{FAE04EC0-301F-11D3-BF4B-00C04F79EFBC}") = "GraphQLDemoApi", "GraphQLDemoApi\GraphQLDemoApi.csproj", "{2C6BF233-661E-2E15-6BD4-377E80C82074}"
EndProject
Global
	GlobalSection(SolutionConfigurationPlatforms) = preSolution
		Debug|Any CPU = Debug|Any CPU
		Release|Any CPU = Release|Any CPU
	EndGlobalSection
	GlobalSection(ProjectConfigurationPlatforms) = postSolution
		{2C6BF233-661E-2E15-6BD4-377E80C82074}.Debug|Any CPU.ActiveCfg = Debug|Any CPU
		{2C6BF233-661E-2E15-6BD4-377E80C82074}.Debug|Any CPU.Build.0 = Debug|Any CPU
		{2C6BF233-661E-2E15-6BD4-377E80C82074}.Release|Any CPU.ActiveCfg = Release|Any CPU
		{2C6BF233-661E-2E15-6BD4-377E80C82074}.Release|Any CPU.Build.0 = Release|Any CPU
	EndGlobalSection
	GlobalSection(SolutionProperties) = preSolution
		HideSolutionNode = FALSE
	EndGlobalSection
	GlobalSection(ExtensibilityGlobals) = postSolution
		SolutionGuid = {36AD127E-4264-4EC3-B318-6425734BB2BC}
	EndGlobalSection
EndGlobal
